
Microsoft Visual Studio Solution File, Format Version 12.00
# Visual Studio Version 17
VisualStudioVersion = 17.0.31903.59
MinimumVisualStudioVersion = 10.0.40219.1
Project("{FAE04EC0-301F-11D3-BF4B-00C04F79EFBC}") = "TaskManagementApp.API", "TaskManagementApp.API\TaskManagementApp.API.csproj", "{37CC6892-BC4B-4A41-9919-A1B4B3A08352}"
EndProject
Project("{FAE04EC0-301F-11D3-BF4B-00C04F79EFBC}") = "TaskManagementApp.Core", "TaskManagementApp.Core\TaskManagementApp.Core.csproj", "{0D945062-0C61-4758-A9F4-C406DEC48542}"
EndProject
Project("{FAE04EC0-301F-11D3-BF4B-00C04F79EFBC}") = "TaskManagementApp.Data", "TaskManagementApp.Data\TaskManagementApp.Data.csproj", "{C27FFDE5-E51F-45C0-B773-88AEA85F208B}"
EndProject
Project("{FAE04EC0-301F-11D3-BF4B-00C04F79EFBC}") = "TaskManagementApp.DTO", "TaskManagementApp.DTO\TaskManagementApp.DTO.csproj", "{C2F20295-1A31-414E-BBBA-2ED2B6A8A9E7}"
EndProject
Global
	GlobalSection(SolutionConfigurationPlatforms) = preSolution
		Debug|Any CPU = Debug|Any CPU
		Release|Any CPU = Release|Any CPU
	EndGlobalSection
	GlobalSection(SolutionProperties) = preSolution
		HideSolutionNode = FALSE
	EndGlobalSection
	GlobalSection(ProjectConfigurationPlatforms) = postSolution
		{37CC6892-BC4B-4A41-9919-A1B4B3A08352}.Debug|Any CPU.ActiveCfg = Debug|Any CPU
		{37CC6892-BC4B-4A41-9919-A1B4B3A08352}.Debug|Any CPU.Build.0 = Debug|Any CPU
		{37CC6892-BC4B-4A41-9919-A1B4B3A08352}.Release|Any CPU.ActiveCfg = Release|Any CPU
		{37CC6892-BC4B-4A41-9919-A1B4B3A08352}.Release|Any CPU.Build.0 = Release|Any CPU
		{0D945062-0C61-4758-A9F4-C406DEC48542}.Debug|Any CPU.ActiveCfg = Debug|Any CPU
		{0D945062-0C61-4758-A9F4-C406DEC48542}.Debug|Any CPU.Build.0 = Debug|Any CPU
		{0D945062-0C61-4758-A9F4-C406DEC48542}.Release|Any CPU.ActiveCfg = Release|Any CPU
		{0D945062-0C61-4758-A9F4-C406DEC48542}.Release|Any CPU.Build.0 = Release|Any CPU
		{C27FFDE5-E51F-45C0-B773-88AEA85F208B}.Debug|Any CPU.ActiveCfg = Debug|Any CPU
		{C27FFDE5-E51F-45C0-B773-88AEA85F208B}.Debug|Any CPU.Build.0 = Debug|Any CPU
		{C27FFDE5-E51F-45C0-B773-88AEA85F208B}.Release|Any CPU.ActiveCfg = Release|Any CPU
		{C27FFDE5-E51F-45C0-B773-88AEA85F208B}.Release|Any CPU.Build.0 = Release|Any CPU
		{C2F20295-1A31-414E-BBBA-2ED2B6A8A9E7}.Debug|Any CPU.ActiveCfg = Debug|Any CPU
		{C2F20295-1A31-414E-BBBA-2ED2B6A8A9E7}.Debug|Any CPU.Build.0 = Debug|Any CPU
		{C2F20295-1A31-414E-BBBA-2ED2B6A8A9E7}.Release|Any CPU.ActiveCfg = Release|Any CPU
		{C2F20295-1A31-414E-BBBA-2ED2B6A8A9E7}.Release|Any CPU.Build.0 = Release|Any CPU
	EndGlobalSection
EndGlobal
